
Microsoft Visual Studio Solution File, Format Version 12.00
# Visual Studio Version 16
VisualStudioVersion = 16.0.28803.202
MinimumVisualStudioVersion = 10.0.40219.1
Project("{FAE04EC0-301F-11D3-BF4B-00C04F79EFBC}") = "JM.Framework", "JM.Framework\JM.Framework.csproj", "{F0870282-CA16-48D6-A24C-38129BDA4849}"
EndProject
Project("{FAE04EC0-301F-11D3-BF4B-00C04F79EFBC}") = "JM.Entities", "JM.Entities\JM.Entities.csproj", "{549715BB-6FA1-42F7-8C97-06A153E3E0D2}"
EndProject
Global
	GlobalSection(SolutionConfigurationPlatforms) = preSolution
		Debug|Any CPU = Debug|Any CPU
		Release|Any CPU = Release|Any CPU
	EndGlobalSection
	GlobalSection(ProjectConfigurationPlatforms) = postSolution
		{F0870282-CA16-48D6-A24C-38129BDA4849}.Debug|Any CPU.ActiveCfg = Debug|Any CPU
		{F0870282-CA16-48D6-A24C-38129BDA4849}.Debug|Any CPU.Build.0 = Debug|Any CPU
		{F0870282-CA16-48D6-A24C-38129BDA4849}.Release|Any CPU.ActiveCfg = Release|Any CPU
		{F0870282-CA16-48D6-A24C-38129BDA4849}.Release|Any CPU.Build.0 = Release|Any CPU
		{549715BB-6FA1-42F7-8C97-06A153E3E0D2}.Debug|Any CPU.ActiveCfg = Debug|Any CPU
		{549715BB-6FA1-42F7-8C97-06A153E3E0D2}.Debug|Any CPU.Build.0 = Debug|Any CPU
		{549715BB-6FA1-42F7-8C97-06A153E3E0D2}.Release|Any CPU.ActiveCfg = Release|Any CPU
		{549715BB-6FA1-42F7-8C97-06A153E3E0D2}.Release|Any CPU.Build.0 = Release|Any CPU
	EndGlobalSection
	GlobalSection(SolutionProperties) = preSolution
		HideSolutionNode = FALSE
	EndGlobalSection
	GlobalSection(ExtensibilityGlobals) = postSolution
		SolutionGuid = {8547A281-E360-40A2-95E3-4B1C5D7B3998}
	EndGlobalSection
EndGlobal
